
Microsoft Visual Studio Solution File, Format Version 12.00
# Visual Studio Version 17
VisualStudioVersion = 17.9.34714.143
MinimumVisualStudioVersion = 10.0.40219.1
Project("{FAE04EC0-301F-11D3-BF4B-00C04F79EFBC}") = "mhm-api", "mhm-api.csproj", "{58DB34A7-14CE-4198-9F9D-65C07651671A}"
EndProject
Global
	GlobalSection(SolutionConfigurationPlatforms) = preSolution
		Debug|Any CPU = Debug|Any CPU
		Release|Any CPU = Release|Any CPU
	EndGlobalSection
	GlobalSection(ProjectConfigurationPlatforms) = postSolution
		{58DB34A7-14CE-4198-9F9D-65C07651671A}.Debug|Any CPU.ActiveCfg = Debug|Any CPU
		{58DB34A7-14CE-4198-9F9D-65C07651671A}.Debug|Any CPU.Build.0 = Debug|Any CPU
		{58DB34A7-14CE-4198-9F9D-65C07651671A}.Release|Any CPU.ActiveCfg = Release|Any CPU
		{58DB34A7-14CE-4198-9F9D-65C07651671A}.Release|Any CPU.Build.0 = Release|Any CPU
	EndGlobalSection
	GlobalSection(SolutionProperties) = preSolution
		HideSolutionNode = FALSE
	EndGlobalSection
	GlobalSection(ExtensibilityGlobals) = postSolution
		SolutionGuid = {6AEBB95D-BB61-4C73-8BEF-8F835D606370}
	EndGlobalSection
EndGlobal
